
Microsoft Visual Studio Solution File, Format Version 12.00
# Visual Studio 15
VisualStudioVersion = 15.0.28307.271
MinimumVisualStudioVersion = 10.0.40219.1
Project("{FAE04EC0-301F-11D3-BF4B-00C04F79EFBC}") = "LogTreatment", "LogTreatment\LogTreatment.csproj", "{EEAA8E54-856F-449C-9534-F1A5317E10DC}"
EndProject
Project("{FAE04EC0-301F-11D3-BF4B-00C04F79EFBC}") = "XUnitTestProject1", "XUnitTestProject1\XUnitTestProject1.csproj", "{1886F2A8-244C-4111-AEAA-D395F7C9DDDC}"
EndProject
Global
	GlobalSection(SolutionConfigurationPlatforms) = preSolution
		Debug|Any CPU = Debug|Any CPU
		Release|Any CPU = Release|Any CPU
	EndGlobalSection
	GlobalSection(ProjectConfigurationPlatforms) = postSolution
		{EEAA8E54-856F-449C-9534-F1A5317E10DC}.Debug|Any CPU.ActiveCfg = Debug|Any CPU
		{EEAA8E54-856F-449C-9534-F1A5317E10DC}.Debug|Any CPU.Build.0 = Debug|Any CPU
		{EEAA8E54-856F-449C-9534-F1A5317E10DC}.Release|Any CPU.ActiveCfg = Release|Any CPU
		{EEAA8E54-856F-449C-9534-F1A5317E10DC}.Release|Any CPU.Build.0 = Release|Any CPU
		{1886F2A8-244C-4111-AEAA-D395F7C9DDDC}.Debug|Any CPU.ActiveCfg = Debug|Any CPU
		{1886F2A8-244C-4111-AEAA-D395F7C9DDDC}.Debug|Any CPU.Build.0 = Debug|Any CPU
		{1886F2A8-244C-4111-AEAA-D395F7C9DDDC}.Release|Any CPU.ActiveCfg = Release|Any CPU
		{1886F2A8-244C-4111-AEAA-D395F7C9DDDC}.Release|Any CPU.Build.0 = Release|Any CPU
	EndGlobalSection
	GlobalSection(SolutionProperties) = preSolution
		HideSolutionNode = FALSE
	EndGlobalSection
	GlobalSection(ExtensibilityGlobals) = postSolution
		SolutionGuid = {8C97B92E-87CB-4BBD-B842-609F4A154A00}
	EndGlobalSection
EndGlobal
